
Microsoft Visual Studio Solution File, Format Version 12.00
# Visual Studio Version 17
VisualStudioVersion = 17.4.33213.308
MinimumVisualStudioVersion = 10.0.40219.1
Project("{9A19103F-16F7-4668-BE54-9A1E7A4F7556}") = "DatabaseFirst", "DatabaseFirst\DatabaseFirst.csproj", "{21014243-5351-42A1-81DB-7D0A51F94343}"
EndProject
Project("{9A19103F-16F7-4668-BE54-9A1E7A4F7556}") = "CodeFirst", "CodeFirst\CodeFirst.csproj", "{E66C6FBA-79E7-43C4-B0B8-2154043A08D0}"
EndProject
Project("{9A19103F-16F7-4668-BE54-9A1E7A4F7556}") = "ConsoleApp", "ConsoleApp\ConsoleApp.csproj", "{590FA6DE-7E65-4FCC-8211-D97A0FA63792}"
EndProject
Project("{9A19103F-16F7-4668-BE54-9A1E7A4F7556}") = "OnConfiguring", "Lesson9\OnConfiguring.csproj", "{6A4EE4C2-6C75-487A-BDA0-76E13027F291}"
EndProject
Project("{9A19103F-16F7-4668-BE54-9A1E7A4F7556}") = "PersistingTheData", "PersistingTheData\PersistingTheData.csproj", "{8AB1DD32-6701-47AD-9CB3-A04E48D2A201}"
EndProject
Project("{9A19103F-16F7-4668-BE54-9A1E7A4F7556}") = "UpdateData", "UpdateData\UpdateData.csproj", "{AC19583E-8EDF-4400-8911-7D5E750BC25D}"
EndProject
Project("{9A19103F-16F7-4668-BE54-9A1E7A4F7556}") = "DeleteData", "DeleteData\DeleteData.csproj", "{18C376C2-2D46-4133-9CF8-173E3D96DAAE}"
EndProject
Project("{9A19103F-16F7-4668-BE54-9A1E7A4F7556}") = "CreatingQueries", "CreatingQueries\CreatingQueries.csproj", "{107A131A-50A3-451F-B4AA-7576B44F10F5}"
EndProject
Project("{9A19103F-16F7-4668-BE54-9A1E7A4F7556}") = "GetSingleRow", "GetSingleRow\GetSingleRow.csproj", "{57CBF5DA-50BB-4F3C-9E01-37AE25B1643E}"
EndProject
Project("{9A19103F-16F7-4668-BE54-9A1E7A4F7556}") = "OtherQueryFunctions", "OtherQueryFunctions\OtherQueryFunctions.csproj", "{D02CF5ED-E72C-4F43-B934-E2E9B100351A}"
EndProject
Project("{9A19103F-16F7-4668-BE54-9A1E7A4F7556}") = "GetDataInSpecificFormat", "GetDataInSpecificFormat\GetDataInSpecificFormat.csproj", "{9102BB3A-560B-477A-8F65-298598FC48A1}"
EndProject
Project("{FAE04EC0-301F-11D3-BF4B-00C04F79EFBC}") = "GroupBy", "GroupBy\GroupBy.csproj", "{C8111EDA-DDE4-4EA3-9032-0BAD5679A8D2}"
EndProject
Global
	GlobalSection(SolutionConfigurationPlatforms) = preSolution
		Debug|Any CPU = Debug|Any CPU
		Release|Any CPU = Release|Any CPU
	EndGlobalSection
	GlobalSection(ProjectConfigurationPlatforms) = postSolution
		{21014243-5351-42A1-81DB-7D0A51F94343}.Debug|Any CPU.ActiveCfg = Debug|Any CPU
		{21014243-5351-42A1-81DB-7D0A51F94343}.Debug|Any CPU.Build.0 = Debug|Any CPU
		{21014243-5351-42A1-81DB-7D0A51F94343}.Release|Any CPU.ActiveCfg = Release|Any CPU
		{21014243-5351-42A1-81DB-7D0A51F94343}.Release|Any CPU.Build.0 = Release|Any CPU
		{E66C6FBA-79E7-43C4-B0B8-2154043A08D0}.Debug|Any CPU.ActiveCfg = Debug|Any CPU
		{E66C6FBA-79E7-43C4-B0B8-2154043A08D0}.Debug|Any CPU.Build.0 = Debug|Any CPU
		{E66C6FBA-79E7-43C4-B0B8-2154043A08D0}.Release|Any CPU.ActiveCfg = Release|Any CPU
		{E66C6FBA-79E7-43C4-B0B8-2154043A08D0}.Release|Any CPU.Build.0 = Release|Any CPU
		{590FA6DE-7E65-4FCC-8211-D97A0FA63792}.Debug|Any CPU.ActiveCfg = Debug|Any CPU
		{590FA6DE-7E65-4FCC-8211-D97A0FA63792}.Debug|Any CPU.Build.0 = Debug|Any CPU
		{590FA6DE-7E65-4FCC-8211-D97A0FA63792}.Release|Any CPU.ActiveCfg = Release|Any CPU
		{590FA6DE-7E65-4FCC-8211-D97A0FA63792}.Release|Any CPU.Build.0 = Release|Any CPU
		{6A4EE4C2-6C75-487A-BDA0-76E13027F291}.Debug|Any CPU.ActiveCfg = Debug|Any CPU
		{6A4EE4C2-6C75-487A-BDA0-76E13027F291}.Debug|Any CPU.Build.0 = Debug|Any CPU
		{6A4EE4C2-6C75-487A-BDA0-76E13027F291}.Release|Any CPU.ActiveCfg = Release|Any CPU
		{6A4EE4C2-6C75-487A-BDA0-76E13027F291}.Release|Any CPU.Build.0 = Release|Any CPU
		{8AB1DD32-6701-47AD-9CB3-A04E48D2A201}.Debug|Any CPU.ActiveCfg = Debug|Any CPU
		{8AB1DD32-6701-47AD-9CB3-A04E48D2A201}.Debug|Any CPU.Build.0 = Debug|Any CPU
		{8AB1DD32-6701-47AD-9CB3-A04E48D2A201}.Release|Any CPU.ActiveCfg = Release|Any CPU
		{8AB1DD32-6701-47AD-9CB3-A04E48D2A201}.Release|Any CPU.Build.0 = Release|Any CPU
		{AC19583E-8EDF-4400-8911-7D5E750BC25D}.Debug|Any CPU.ActiveCfg = Debug|Any CPU
		{AC19583E-8EDF-4400-8911-7D5E750BC25D}.Debug|Any CPU.Build.0 = Debug|Any CPU
		{AC19583E-8EDF-4400-8911-7D5E750BC25D}.Release|Any CPU.ActiveCfg = Release|Any CPU
		{AC19583E-8EDF-4400-8911-7D5E750BC25D}.Release|Any CPU.Build.0 = Release|Any CPU
		{18C376C2-2D46-4133-9CF8-173E3D96DAAE}.Debug|Any CPU.ActiveCfg = Debug|Any CPU
		{18C376C2-2D46-4133-9CF8-173E3D96DAAE}.Debug|Any CPU.Build.0 = Debug|Any CPU
		{18C376C2-2D46-4133-9CF8-173E3D96DAAE}.Release|Any CPU.ActiveCfg = Release|Any CPU
		{18C376C2-2D46-4133-9CF8-173E3D96DAAE}.Release|Any CPU.Build.0 = Release|Any CPU
		{107A131A-50A3-451F-B4AA-7576B44F10F5}.Debug|Any CPU.ActiveCfg = Debug|Any CPU
		{107A131A-50A3-451F-B4AA-7576B44F10F5}.Debug|Any CPU.Build.0 = Debug|Any CPU
		{107A131A-50A3-451F-B4AA-7576B44F10F5}.Release|Any CPU.ActiveCfg = Release|Any CPU
		{107A131A-50A3-451F-B4AA-7576B44F10F5}.Release|Any CPU.Build.0 = Release|Any CPU
		{57CBF5DA-50BB-4F3C-9E01-37AE25B1643E}.Debug|Any CPU.ActiveCfg = Debug|Any CPU
		{57CBF5DA-50BB-4F3C-9E01-37AE25B1643E}.Debug|Any CPU.Build.0 = Debug|Any CPU
		{57CBF5DA-50BB-4F3C-9E01-37AE25B1643E}.Release|Any CPU.ActiveCfg = Release|Any CPU
		{57CBF5DA-50BB-4F3C-9E01-37AE25B1643E}.Release|Any CPU.Build.0 = Release|Any CPU
		{D02CF5ED-E72C-4F43-B934-E2E9B100351A}.Debug|Any CPU.ActiveCfg = Debug|Any CPU
		{D02CF5ED-E72C-4F43-B934-E2E9B100351A}.Debug|Any CPU.Build.0 = Debug|Any CPU
		{D02CF5ED-E72C-4F43-B934-E2E9B100351A}.Release|Any CPU.ActiveCfg = Release|Any CPU
		{D02CF5ED-E72C-4F43-B934-E2E9B100351A}.Release|Any CPU.Build.0 = Release|Any CPU
		{9102BB3A-560B-477A-8F65-298598FC48A1}.Debug|Any CPU.ActiveCfg = Debug|Any CPU
		{9102BB3A-560B-477A-8F65-298598FC48A1}.Debug|Any CPU.Build.0 = Debug|Any CPU
		{9102BB3A-560B-477A-8F65-298598FC48A1}.Release|Any CPU.ActiveCfg = Release|Any CPU
		{9102BB3A-560B-477A-8F65-298598FC48A1}.Release|Any CPU.Build.0 = Release|Any CPU
		{C8111EDA-DDE4-4EA3-9032-0BAD5679A8D2}.Debug|Any CPU.ActiveCfg = Debug|Any CPU
		{C8111EDA-DDE4-4EA3-9032-0BAD5679A8D2}.Debug|Any CPU.Build.0 = Debug|Any CPU
		{C8111EDA-DDE4-4EA3-9032-0BAD5679A8D2}.Release|Any CPU.ActiveCfg = Release|Any CPU
		{C8111EDA-DDE4-4EA3-9032-0BAD5679A8D2}.Release|Any CPU.Build.0 = Release|Any CPU
	EndGlobalSection
	GlobalSection(SolutionProperties) = preSolution
		HideSolutionNode = FALSE
	EndGlobalSection
	GlobalSection(ExtensibilityGlobals) = postSolution
		SolutionGuid = {700DDCFC-8E12-4B52-BC71-416DF86394AA}
	EndGlobalSection
EndGlobal
